<?xml version="1.0" encoding="utf-8"?>
<Project ToolsVersion="4.0" xmlns="http://schemas.microsoft.com/developer/msbuild/2003">
  <ItemGroup>
    <Filter Include="소스 파일">
      <UniqueIdentifier>{4FC737F1-C7A5-4376-A066-2A32D752A2FF}</UniqueIdentifier>
      <Extensions>cpp;c;cc;cxx;def;odl;idl;hpj;bat;asm;asmx</Extensions>
      <SourceControlFiles>False</SourceControlFiles>
    </Filter>
    <Filter Include="헤더 파일">
      <UniqueIdentifier>{93995380-89BD-4b04-88EB-625FBE52EBFB}</UniqueIdentifier>
      <Extensions>h;hh;hpp;hxx;hm;inl;inc;ipp;xsd</Extensions>
    </Filter>
    <Filter Include="리소스 파일">
      <UniqueIdentifier>{67DA6AB6-F800-4c08-8B7A-83BB121AAD01}</UniqueIdentifier>
      <Extensions>rc;ico;cur;bmp;dlg;rc2;rct;bin;rgs;gif;jpg;jpeg;jpe;resx;tiff;tif;png;wav;mfcribbon-ms</Extensions>
    </Filter>
    <Filter Include="소스 파일\Chapter01">
      <UniqueIdentifier>{1e77aa7c-2994-4f0a-82a4-b78727da55a0}</UniqueIdentifier>
    </Filter>
    <Filter Include="소스 파일\Chapter01\02_functionOverloading">
      <UniqueIdentifier>{7f98c8dc-ed98-4e0d-bd78-c52a2db72fa1}</UniqueIdentifier>
    </Filter>
    <Filter Include="소스 파일\Chapter01\01_IO">
      <UniqueIdentifier>{1f152714-d428-4e26-8cb1-1d06c6648543}</UniqueIdentifier>
    </Filter>
    <Filter Include="소스 파일\Chapter01\05_namespace">
      <UniqueIdentifier>{e7d2a527-1f37-494a-99d5-773e5a190b25}</UniqueIdentifier>
    </Filter>
    <Filter Include="소스 파일\Chapter01\03_defaultValue">
      <UniqueIdentifier>{4949628c-814b-4ca0-b629-be21d9d1e9ca}</UniqueIdentifier>
    </Filter>
    <Filter Include="소스 파일\Chapter01\04_inlineFunction">
      <UniqueIdentifier>{1c4ed092-e856-4de3-b4b3-c0b5f4f522f6}</UniqueIdentifier>
    </Filter>
    <Filter Include="소스 파일\OOP Project">
      <UniqueIdentifier>{fd2e4e44-f5cf-4e95-8b07-3d68fee3cdfb}</UniqueIdentifier>
    </Filter>
    <Filter Include="소스 파일\Chapter02">
      <UniqueIdentifier>{a5584b89-0a45-40ed-8b65-7183cdb5f379}</UniqueIdentifier>
    </Filter>
    <Filter Include="소스 파일\Chapter03">
      <UniqueIdentifier>{3f801648-8b38-4c43-9c38-ab1745403e42}</UniqueIdentifier>
    </Filter>
    <Filter Include="소스 파일\Chapter04">
      <UniqueIdentifier>{8612d11f-1a4c-4303-9bd0-5bd08b78d85a}</UniqueIdentifier>
    </Filter>
    <Filter Include="소스 파일\Chapter05">
      <UniqueIdentifier>{e64aaf35-6cbb-4c05-af49-22fe9c221563}</UniqueIdentifier>
    </Filter>
    <Filter Include="소스 파일\Chapter06">
      <UniqueIdentifier>{f81f5114-17c4-4693-b804-c5673d392c8b}</UniqueIdentifier>
    </Filter>
    <Filter Include="소스 파일\Chapter07">
      <UniqueIdentifier>{19c92a95-e600-4252-a710-672afc3ac632}</UniqueIdentifier>
    </Filter>
  </ItemGroup>
  <ItemGroup>
    <ClCompile Include="BetweenAdder.cpp">
      <Filter>소스 파일\Chapter01\01_IO</Filter>
    </ClCompile>
    <ClCompile Include="HelloWorld.cpp">
      <Filter>소스 파일\Chapter01\01_IO</Filter>
    </ClCompile>
    <ClCompile Include="SimpleAdder.cpp">
      <Filter>소스 파일\Chapter01\01_IO</Filter>
    </ClCompile>
    <ClCompile Include="StringIO.cpp">
      <Filter>소스 파일\Chapter01\01_IO</Filter>
    </ClCompile>
    <ClCompile Include="FunctionOverloading.cpp">
      <Filter>소스 파일\Chapter01\02_functionOverloading</Filter>
    </ClCompile>
    <ClCompile Include="01_1_problem1.cpp">
      <Filter>소스 파일\Chapter01\01_IO</Filter>
    </ClCompile>
    <ClCompile Include="01_1_problem2.cpp">
      <Filter>소스 파일\Chapter01\01_IO</Filter>
    </ClCompile>
    <ClCompile Include="01_1_problem3.cpp">
      <Filter>소스 파일\Chapter01\01_IO</Filter>
    </ClCompile>
    <ClCompile Include="01_1_problem4.cpp">
      <Filter>소스 파일\Chapter01\01_IO</Filter>
    </ClCompile>
    <ClCompile Include="01_2_problem1.cpp">
      <Filter>소스 파일\Chapter01\02_functionOverloading</Filter>
    </ClCompile>
    <ClCompile Include="DefaultValue1.cpp">
      <Filter>소스 파일\Chapter01\03_defaultValue</Filter>
    </ClCompile>
    <ClCompile Include="DefaultValue2.cpp">
      <Filter>소스 파일\Chapter01\03_defaultValue</Filter>
    </ClCompile>
    <ClCompile Include="DefaultValue3.cpp">
      <Filter>소스 파일\Chapter01\03_defaultValue</Filter>
    </ClCompile>
    <ClCompile Include="InlineFunc.cpp">
      <Filter>소스 파일\Chapter01\04_inlineFunction</Filter>
    </ClCompile>
    <ClCompile Include="NameSp1.cpp">
      <Filter>소스 파일\Chapter01\05_namespace</Filter>
    </ClCompile>
    <ClCompile Include="NameSp2.cpp">
      <Filter>소스 파일\Chapter01\05_namespace</Filter>
    </ClCompile>
    <ClCompile Include="NameSp3.cpp">
      <Filter>소스 파일\Chapter01\05_namespace</Filter>
    </ClCompile>
    <ClCompile Include="UsingDcl1.cpp">
      <Filter>소스 파일\Chapter01\05_namespace</Filter>
    </ClCompile>
    <ClCompile Include="UsingDcl2.cpp">
      <Filter>소스 파일\Chapter01\05_namespace</Filter>
    </ClCompile>
    <ClCompile Include="UsingDcl3.cpp">
      <Filter>소스 파일\Chapter01\05_namespace</Filter>
    </ClCompile>
    <ClCompile Include="NameAlias.cpp">
      <Filter>소스 파일\Chapter01\05_namespace</Filter>
    </ClCompile>
    <ClCompile Include="02_1_1.cpp">
      <Filter>소스 파일\Chapter02</Filter>
    </ClCompile>
    <ClCompile Include="02_1_3.cpp">
      <Filter>소스 파일\Chapter02</Filter>
    </ClCompile>
    <ClCompile Include="02_2.cpp">
      <Filter>소스 파일\Chapter02</Filter>
    </ClCompile>
    <ClCompile Include="02_3.cpp">
      <Filter>소스 파일\Chapter02</Filter>
    </ClCompile>
    <ClCompile Include="02_4_1.cpp">
      <Filter>소스 파일\Chapter02</Filter>
    </ClCompile>
    <ClCompile Include="02_4_2.cpp">
      <Filter>소스 파일\Chapter02</Filter>
    </ClCompile>
    <ClCompile Include="03_1.cpp">
      <Filter>소스 파일\Chapter03</Filter>
    </ClCompile>
    <ClCompile Include="03_2_1.cpp">
      <Filter>소스 파일\Chapter03</Filter>
    </ClCompile>
    <ClCompile Include="03_2_2.cpp">
      <Filter>소스 파일\Chapter03</Filter>
    </ClCompile>
    <ClCompile Include="FruitSaleSim1.cpp">
      <Filter>소스 파일\Chapter03</Filter>
    </ClCompile>
    <ClCompile Include="04_1.cpp">
      <Filter>소스 파일\Chapter04</Filter>
    </ClCompile>
    <ClCompile Include="04_2.cpp">
      <Filter>소스 파일\Chapter04</Filter>
    </ClCompile>
    <ClCompile Include="04_3_1.cpp">
      <Filter>소스 파일\Chapter04</Filter>
    </ClCompile>
    <ClCompile Include="04_3_2.cpp">
      <Filter>소스 파일\Chapter04</Filter>
    </ClCompile>
    <ClCompile Include="SelfRef.cpp">
      <Filter>소스 파일\Chapter04</Filter>
    </ClCompile>
    <ClCompile Include="BankingSystemVer01.cpp">
      <Filter>소스 파일\OOP Project</Filter>
    </ClCompile>
    <ClCompile Include="BankingSystemVer02.cpp">
      <Filter>소스 파일\OOP Project</Filter>
    </ClCompile>
    <ClCompile Include="ClassInit.cpp">
      <Filter>소스 파일\Chapter05</Filter>
    </ClCompile>
    <ClCompile Include="05_1.cpp">
      <Filter>소스 파일\Chapter05</Filter>
    </ClCompile>
    <ClCompile Include="ReturnObjDeadTime.cpp">
      <Filter>소스 파일\Chapter05</Filter>
    </ClCompile>
    <ClCompile Include="MyFriendClass.cpp">
      <Filter>소스 파일\Chapter06</Filter>
    </ClCompile>
    <ClCompile Include="MyFriendFunction.cpp">
      <Filter>소스 파일\Chapter06</Filter>
    </ClCompile>
    <ClCompile Include="CComStatic.cpp">
      <Filter>소스 파일\Chapter06</Filter>
    </ClCompile>
    <ClCompile Include="StaticMember.cpp">
      <Filter>소스 파일\Chapter06</Filter>
    </ClCompile>
    <ClCompile Include="Mutable.cpp">
      <Filter>소스 파일\Chapter06</Filter>
    </ClCompile>
    <ClCompile Include="BankingSystemVer04.cpp">
      <Filter>소스 파일\OOP Project</Filter>
    </ClCompile>
    <ClCompile Include="07_1_1.cpp">
      <Filter>소스 파일\Chapter07</Filter>
    </ClCompile>
    <ClCompile Include="07_1_2.cpp">
      <Filter>소스 파일\Chapter07</Filter>
    </ClCompile>
    <ClCompile Include="07_2_1.cpp">
      <Filter>소스 파일\Chapter07</Filter>
    </ClCompile>
    <ClCompile Include="07_2_2.cpp">
      <Filter>소스 파일\Chapter07</Filter>
    </ClCompile>
    <ClCompile Include="BankingSystemVer05.cpp">
      <Filter>소스 파일\OOP Project</Filter>
    </ClCompile>
  </ItemGroup>
  <ItemGroup>
    <ClInclude Include="BankingSystemVer05.h">
      <Filter>헤더 파일</Filter>
    </ClInclude>
  </ItemGroup>
</Project>